// !$*UTF8*$!
{
	archiveVersion = 1;
	classes = {
	};
	objectVersion = 46;
	objects = {

/* Begin PBXBuildFile section */
		84620C8D19F875B7007AFC04 /* TodoManger.m in Sources */ = {isa = PBXBuildFile; fileRef = 84620C8C19F875B7007AFC04 /* TodoManger.m */; };
		8463F06919F8748B008D6555 /* main.m in Sources */ = {isa = PBXBuildFile; fileRef = 8463F06819F8748B008D6555 /* main.m */; };
		84F1B34F19F8755800B35915 /* Todo.m in Sources */ = {isa = PBXBuildFile; fileRef = 84F1B34E19F8755800B35915 /* Todo.m */; };
/* End PBXBuildFile section */

/* Begin PBXCopyFilesBuildPhase section */
		8463F06319F8748B008D6555 /* CopyFiles */ = {
			isa = PBXCopyFilesBuildPhase;
			buildActionMask = 2147483647;
			dstPath = /usr/share/man/man1/;
			dstSubfolderSpec = 0;
			files = (
			);
			runOnlyForDeploymentPostprocessing = 1;
		};
/* End PBXCopyFilesBuildPhase section */

/* Begin PBXFileReference section */
		84620C8B19F875B7007AFC04 /* TodoManger.h */ = {isa = PBXFileReference; fileEncoding = 4; lastKnownFileType = sourcecode.c.h; path = TodoManger.h; sourceTree = "<group>"; };
		84620C8C19F875B7007AFC04 /* TodoManger.m */ = {isa = PBXFileReference; fileEncoding = 4; lastKnownFileType = sourcecode.c.objc; path = TodoManger.m; sourceTree = "<group>"; };
		8463F06519F8748B008D6555 /* TodoManagerConsole */ = {isa = PBXFileReference; explicitFileType = "compiled.mach-o.executable"; includeInIndex = 0; path = TodoManagerConsole; sourceTree = BUILT_PRODUCTS_DIR; };
		8463F06819F8748B008D6555 /* main.m */ = {isa = PBXFileReference; lastKnownFileType = sourcecode.c.objc; path = main.m; sourceTree = "<group>"; };
		84F1B34D19F8755800B35915 /* Todo.h */ = {isa = PBXFileReference; fileEncoding = 4; lastKnownFileType = sourcecode.c.h; path = Todo.h; sourceTree = "<group>"; };
		84F1B34E19F8755800B35915 /* Todo.m */ = {isa = PBXFileReference; fileEncoding = 4; lastKnownFileType = sourcecode.c.objc; path = Todo.m; sourceTree = "<group>"; };
/* End PBXFileReference section */

/* Begin PBXFrameworksBuildPhase section */
		8463F06219F8748B008D6555 /* Frameworks */ = {
			isa = PBXFrameworksBuildPhase;
			buildActionMask = 2147483647;
			files = (
			);
			runOnlyForDeploymentPostprocessing = 0;
		};
/* End PBXFrameworksBuildPhase section */

/* Begin PBXGroup section */
		8463F05C19F8748B008D6555 = {
			isa = PBXGroup;
			children = (
				8463F06719F8748B008D6555 /* TodoManagerConsole */,
				8463F06619F8748B008D6555 /* Products */,
			);
			sourceTree = "<group>";
		};
		8463F06619F8748B008D6555 /* Products */ = {
			isa = PBXGroup;
			children = (
				8463F06519F8748B008D6555 /* TodoManagerConsole */,
			);
			name = Products;
			sourceTree = "<group>";
		};
		8463F06719F8748B008D6555 /* TodoManagerConsole */ = {
			isa = PBXGroup;
			children = (
				84620C8B19F875B7007AFC04 /* TodoManger.h */,
				84620C8C19F875B7007AFC04 /* TodoManger.m */,
				84F1B34D19F8755800B35915 /* Todo.h */,
				84F1B34E19F8755800B35915 /* Todo.m */,
				8463F06819F8748B008D6555 /* main.m */,
			);
			path = TodoManagerConsole;
			sourceTree = "<group>";
		};
/* End PBXGroup section */

/* Begin PBXNativeTarget section */
		8463F06419F8748B008D6555 /* TodoManagerConsole */ = {
			isa = PBXNativeTarget;
			buildConfigurationList = 8463F06C19F8748B008D6555 /* Build configuration list for PBXNativeTarget "TodoManagerConsole" */;
			buildPhases = (
				8463F06119F8748B008D6555 /* Sources */,
				8463F06219F8748B008D6555 /* Frameworks */,
				8463F06319F8748B008D6555 /* CopyFiles */,
			);
			buildRules = (
			);
			dependencies = (
			);
			name = TodoManagerConsole;
			productName = TodoManagerConsole;
			productReference = 8463F06519F8748B008D6555 /* TodoManagerConsole */;
			productType = "com.apple.product-type.tool";
		};
/* End PBXNativeTarget section */

/* Begin PBXProject section */
		8463F05D19F8748B008D6555 /* Project object */ = {
			isa = PBXProject;
			attributes = {
				LastUpgradeCheck = 0600;
				ORGANIZATIONNAME = JR;
				TargetAttributes = {
					8463F06419F8748B008D6555 = {
						CreatedOnToolsVersion = 6.0.1;
					};
				};
			};
			buildConfigurationList = 8463F06019F8748B008D6555 /* Build configuration list for PBXProject "TodoManagerConsole" */;
			compatibilityVersion = "Xcode 3.2";
			developmentRegion = English;
			hasScannedForEncodings = 0;
			knownRegions = (
				en,
			);
			mainGroup = 8463F05C19F8748B008D6555;
			productRefGroup = 8463F06619F8748B008D6555 /* Products */;
			projectDirPath = "";
			projectRoot = "";
			targets = (
				8463F06419F8748B008D6555 /* TodoManagerConsole */,
			);
		};
/* End PBXProject section */

/* Begin PBXSourcesBuildPhase section */
		8463F06119F8748B008D6555 /* Sources */ = {
			isa = PBXSourcesBuildPhase;
			buildActionMask = 2147483647;
			files = (
				8463F06919F8748B008D6555 /* main.m in Sources */,
				84F1B34F19F8755800B35915 /* Todo.m in Sources */,
				84620C8D19F875B7007AFC04 /* TodoManger.m in Sources */,
			);
			runOnlyForDeploymentPostprocessing = 0;
		};
/* End PBXSourcesBuildPhase section */

/* Begin XCBuildConfiguration section */
		8463F06A19F8748B008D6555 /* Debug */ = {
			isa = XCBuildConfiguration;
			buildSettings = {
				ALWAYS_SEARCH_USER_PATHS = NO;
				CLANG_CXX_LANGUAGE_STANDARD = "gnu++0x";
				CLANG_CXX_LIBRARY = "libc++";
				CLANG_ENABLE_MODULES = YES;
				CLANG_ENABLE_OBJC_ARC = YES;
				CLANG_WARN_BOOL_CONVERSION = YES;
				CLANG_WARN_CONSTANT_CONVERSION = YES;
				CLANG_WARN_DIRECT_OBJC_ISA_USAGE = YES_ERROR;
				CLANG_WARN_EMPTY_BODY = YES;
				CLANG_WARN_ENUM_CONVERSION = YES;
				CLANG_WARN_INT_CONVERSION = YES;
				CLANG_WARN_OBJC_ROOT_CLASS = YES_ERROR;
				CLANG_WARN_UNREACHABLE_CODE = YES;
				CLANG_WARN__DUPLICATE_METHOD_MATCH = YES;
				COPY_PHASE_STRIP = NO;
				ENABLE_STRICT_OBJC_MSGSEND = YES;
				GCC_C_LANGUAGE_STANDARD = gnu99;
				GCC_DYNAMIC_NO_PIC = NO;
				GCC_OPTIMIZATION_LEVEL = 0;
				GCC_PREPROCESSOR_DEFINITIONS = (
					"DEBUG=1",
					"$(inherited)",
				);
				GCC_SYMBOLS_PRIVATE_EXTERN = NO;
				GCC_WARN_64_TO_32_BIT_CONVERSION = YES;
				GCC_WARN_ABOUT_RETURN_TYPE = YES_ERROR;
				GCC_WARN_UNDECLARED_SELECTOR = YES;
				GCC_WARN_UNINITIALIZED_AUTOS = YES_AGGRESSIVE;
				GCC_WARN_UNUSED_FUNCTION = YES;
				GCC_WARN_UNUSED_VARIABLE = YES;
				MACOSX_DEPLOYMENT_TARGET = 10.9;
				MTL_ENABLE_DEBUG_INFO = YES;
				ONLY_ACTIVE_ARCH = YES;
				SDKROOT = macosx;
			};
			name = Debug;
		};
		8463F06B19F8748B008D6555 /* Release */ = {
			isa = XCBuildConfiguration;
			buildSettings = {
				ALWAYS_SEARCH_USER_PATHS = NO;
				CLANG_CXX_LANGUAGE_STANDARD = "gnu++0x";
				CLANG_CXX_LIBRARY = "libc++";
				CLANG_ENABLE_MODULES = YES;
				CLANG_ENABLE_OBJC_ARC = YES;
				CLANG_WARN_BOOL_CONVERSION = YES;
				CLANG_WARN_CONSTANT_CONVERSION = YES;
				CLANG_WARN_DIRECT_OBJC_ISA_USAGE = YES_ERROR;
				CLANG_WARN_EMPTY_BODY = YES;
				CLANG_WARN_ENUM_CONVERSION = YES;
				CLANG_WARN_INT_CONVERSION = YES;
				CLANG_WARN_OBJC_ROOT_CLASS = YES_ERROR;
				CLANG_WARN_UNREACHABLE_CODE = YES;
				CLANG_WARN__DUPLICATE_METHOD_MATCH = YES;
				COPY_PHASE_STRIP = YES;
				DEBUG_INFORMATION_FORMAT = "dwarf-with-dsym";
				ENABLE_NS_ASSERTIONS = NO;
				ENABLE_STRICT_OBJC_MSGSEND = YES;
				GCC_C_LANGUAGE_STANDARD = gnu99;
				GCC_WARN_64_TO_32_BIT_CONVERSION = YES;
				GCC_WARN_ABOUT_RETURN_TYPE = YES_ERROR;
				GCC_WARN_UNDECLARED_SELECTOR = YES;
				GCC_WARN_UNINITIALIZED_AUTOS = YES_AGGRESSIVE;
				GCC_WARN_UNUSED_FUNCTION = YES;
				GCC_WARN_UNUSED_VARIABLE = YES;
				MACOSX_DEPLOYMENT_TARGET = 10.9;
				MTL_ENABLE_DEBUG_INFO = NO;
				SDKROOT = macosx;
			};
			name = Release;
		};
		8463F06D19F8748B008D6555 /* Debug */ = {
			isa = XCBuildConfiguration;
			buildSettings = {
				PRODUCT_NAME = "$(TARGET_NAME)";
			};
			name = Debug;
		};
		8463F06E19F8748B008D6555 /* Release */ = {
			isa = XCBuildConfiguration;
			buildSettings = {
				PRODUCT_NAME = "$(TARGET_NAME)";
			};
			name = Release;
		};
/* End XCBuildConfiguration section */

/* Begin XCConfigurationList section */
		8463F06019F8748B008D6555 /* Build configuration list for PBXProject "TodoManagerConsole" */ = {
			isa = XCConfigurationList;
			buildConfigurations = (
				8463F06A19F8748B008D6555 /* Debug */,
				8463F06B19F8748B008D6555 /* Release */,
			);
			defaultConfigurationIsVisible = 0;
			defaultConfigurationName = Release;
		};
		8463F06C19F8748B008D6555 /* Build configuration list for PBXNativeTarget "TodoManagerConsole" */ = {
			isa = XCConfigurationList;
			buildConfigurations = (
				8463F06D19F8748B008D6555 /* Debug */,
				8463F06E19F8748B008D6555 /* Release */,
			);
			defaultConfigurationIsVisible = 0;
			defaultConfigurationName = Release;
		};
/* End XCConfigurationList section */
	};
	rootObject = 8463F05D19F8748B008D6555 /* Project object */;
}
