// !$*UTF8*$!
{
	archiveVersion = 1;
	classes = {
	};
	objectVersion = 46;
	objects = {

/* Begin PBXBuildFile section */
		841C8B6419F153F3004298E2 /* main.m in Sources */ = {isa = PBXBuildFile; fileRef = 841C8B6319F153F3004298E2 /* main.m */; };
		841C8B6719F153F3004298E2 /* AppDelegate.m in Sources */ = {isa = PBXBuildFile; fileRef = 841C8B6619F153F3004298E2 /* AppDelegate.m */; };
		841C8B6A19F153F3004298E2 /* first_app.xcdatamodeld in Sources */ = {isa = PBXBuildFile; fileRef = 841C8B6819F153F3004298E2 /* first_app.xcdatamodeld */; };
		841C8B6D19F153F3004298E2 /* ViewController.m in Sources */ = {isa = PBXBuildFile; fileRef = 841C8B6C19F153F3004298E2 /* ViewController.m */; };
		841C8B7019F153F3004298E2 /* Main.storyboard in Resources */ = {isa = PBXBuildFile; fileRef = 841C8B6E19F153F3004298E2 /* Main.storyboard */; };
		841C8B7219F153F3004298E2 /* Images.xcassets in Resources */ = {isa = PBXBuildFile; fileRef = 841C8B7119F153F3004298E2 /* Images.xcassets */; };
		841C8B7519F153F3004298E2 /* LaunchScreen.xib in Resources */ = {isa = PBXBuildFile; fileRef = 841C8B7319F153F3004298E2 /* LaunchScreen.xib */; };
		841C8B8119F153F3004298E2 /* first_appTests.m in Sources */ = {isa = PBXBuildFile; fileRef = 841C8B8019F153F3004298E2 /* first_appTests.m */; };
/* End PBXBuildFile section */

/* Begin PBXContainerItemProxy section */
		841C8B7B19F153F3004298E2 /* PBXContainerItemProxy */ = {
			isa = PBXContainerItemProxy;
			containerPortal = 841C8B5619F153F3004298E2 /* Project object */;
			proxyType = 1;
			remoteGlobalIDString = 841C8B5D19F153F3004298E2;
			remoteInfo = "first-app";
		};
/* End PBXContainerItemProxy section */

/* Begin PBXFileReference section */
		841C8B5E19F153F3004298E2 /* first-app.app */ = {isa = PBXFileReference; explicitFileType = wrapper.application; includeInIndex = 0; path = "first-app.app"; sourceTree = BUILT_PRODUCTS_DIR; };
		841C8B6219F153F3004298E2 /* Info.plist */ = {isa = PBXFileReference; lastKnownFileType = text.plist.xml; path = Info.plist; sourceTree = "<group>"; };
		841C8B6319F153F3004298E2 /* main.m */ = {isa = PBXFileReference; lastKnownFileType = sourcecode.c.objc; path = main.m; sourceTree = "<group>"; };
		841C8B6519F153F3004298E2 /* AppDelegate.h */ = {isa = PBXFileReference; lastKnownFileType = sourcecode.c.h; path = AppDelegate.h; sourceTree = "<group>"; };
		841C8B6619F153F3004298E2 /* AppDelegate.m */ = {isa = PBXFileReference; lastKnownFileType = sourcecode.c.objc; path = AppDelegate.m; sourceTree = "<group>"; };
		841C8B6919F153F3004298E2 /* first_app.xcdatamodel */ = {isa = PBXFileReference; lastKnownFileType = wrapper.xcdatamodel; path = first_app.xcdatamodel; sourceTree = "<group>"; };
		841C8B6B19F153F3004298E2 /* ViewController.h */ = {isa = PBXFileReference; lastKnownFileType = sourcecode.c.h; path = ViewController.h; sourceTree = "<group>"; };
		841C8B6C19F153F3004298E2 /* ViewController.m */ = {isa = PBXFileReference; lastKnownFileType = sourcecode.c.objc; path = ViewController.m; sourceTree = "<group>"; };
		841C8B6F19F153F3004298E2 /* Base */ = {isa = PBXFileReference; lastKnownFileType = file.storyboard; name = Base; path = Base.lproj/Main.storyboard; sourceTree = "<group>"; };
		841C8B7119F153F3004298E2 /* Images.xcassets */ = {isa = PBXFileReference; lastKnownFileType = folder.assetcatalog; path = Images.xcassets; sourceTree = "<group>"; };
		841C8B7419F153F3004298E2 /* Base */ = {isa = PBXFileReference; lastKnownFileType = file.xib; name = Base; path = Base.lproj/LaunchScreen.xib; sourceTree = "<group>"; };
		841C8B7A19F153F3004298E2 /* first-appTests.xctest */ = {isa = PBXFileReference; explicitFileType = wrapper.cfbundle; includeInIndex = 0; path = "first-appTests.xctest"; sourceTree = BUILT_PRODUCTS_DIR; };
		841C8B7F19F153F3004298E2 /* Info.plist */ = {isa = PBXFileReference; lastKnownFileType = text.plist.xml; path = Info.plist; sourceTree = "<group>"; };
		841C8B8019F153F3004298E2 /* first_appTests.m */ = {isa = PBXFileReference; lastKnownFileType = sourcecode.c.objc; path = first_appTests.m; sourceTree = "<group>"; };
/* End PBXFileReference section */

/* Begin PBXFrameworksBuildPhase section */
		841C8B5B19F153F3004298E2 /* Frameworks */ = {
			isa = PBXFrameworksBuildPhase;
			buildActionMask = 2147483647;
			files = (
			);
			runOnlyForDeploymentPostprocessing = 0;
		};
		841C8B7719F153F3004298E2 /* Frameworks */ = {
			isa = PBXFrameworksBuildPhase;
			buildActionMask = 2147483647;
			files = (
			);
			runOnlyForDeploymentPostprocessing = 0;
		};
/* End PBXFrameworksBuildPhase section */

/* Begin PBXGroup section */
		841C8B5519F153F3004298E2 = {
			isa = PBXGroup;
			children = (
				841C8B6019F153F3004298E2 /* first-app */,
				841C8B7D19F153F3004298E2 /* first-appTests */,
				841C8B5F19F153F3004298E2 /* Products */,
			);
			sourceTree = "<group>";
		};
		841C8B5F19F153F3004298E2 /* Products */ = {
			isa = PBXGroup;
			children = (
				841C8B5E19F153F3004298E2 /* first-app.app */,
				841C8B7A19F153F3004298E2 /* first-appTests.xctest */,
			);
			name = Products;
			sourceTree = "<group>";
		};
		841C8B6019F153F3004298E2 /* first-app */ = {
			isa = PBXGroup;
			children = (
				841C8B6519F153F3004298E2 /* AppDelegate.h */,
				841C8B6619F153F3004298E2 /* AppDelegate.m */,
				841C8B6B19F153F3004298E2 /* ViewController.h */,
				841C8B6C19F153F3004298E2 /* ViewController.m */,
				841C8B6E19F153F3004298E2 /* Main.storyboard */,
				841C8B7119F153F3004298E2 /* Images.xcassets */,
				841C8B7319F153F3004298E2 /* LaunchScreen.xib */,
				841C8B6819F153F3004298E2 /* first_app.xcdatamodeld */,
				841C8B6119F153F3004298E2 /* Supporting Files */,
			);
			path = "first-app";
			sourceTree = "<group>";
		};
		841C8B6119F153F3004298E2 /* Supporting Files */ = {
			isa = PBXGroup;
			children = (
				841C8B6219F153F3004298E2 /* Info.plist */,
				841C8B6319F153F3004298E2 /* main.m */,
			);
			name = "Supporting Files";
			sourceTree = "<group>";
		};
		841C8B7D19F153F3004298E2 /* first-appTests */ = {
			isa = PBXGroup;
			children = (
				841C8B8019F153F3004298E2 /* first_appTests.m */,
				841C8B7E19F153F3004298E2 /* Supporting Files */,
			);
			path = "first-appTests";
			sourceTree = "<group>";
		};
		841C8B7E19F153F3004298E2 /* Supporting Files */ = {
			isa = PBXGroup;
			children = (
				841C8B7F19F153F3004298E2 /* Info.plist */,
			);
			name = "Supporting Files";
			sourceTree = "<group>";
		};
/* End PBXGroup section */

/* Begin PBXNativeTarget section */
		841C8B5D19F153F3004298E2 /* first-app */ = {
			isa = PBXNativeTarget;
			buildConfigurationList = 841C8B8419F153F3004298E2 /* Build configuration list for PBXNativeTarget "first-app" */;
			buildPhases = (
				841C8B5A19F153F3004298E2 /* Sources */,
				841C8B5B19F153F3004298E2 /* Frameworks */,
				841C8B5C19F153F3004298E2 /* Resources */,
			);
			buildRules = (
			);
			dependencies = (
			);
			name = "first-app";
			productName = "first-app";
			productReference = 841C8B5E19F153F3004298E2 /* first-app.app */;
			productType = "com.apple.product-type.application";
		};
		841C8B7919F153F3004298E2 /* first-appTests */ = {
			isa = PBXNativeTarget;
			buildConfigurationList = 841C8B8719F153F3004298E2 /* Build configuration list for PBXNativeTarget "first-appTests" */;
			buildPhases = (
				841C8B7619F153F3004298E2 /* Sources */,
				841C8B7719F153F3004298E2 /* Frameworks */,
				841C8B7819F153F3004298E2 /* Resources */,
			);
			buildRules = (
			);
			dependencies = (
				841C8B7C19F153F3004298E2 /* PBXTargetDependency */,
			);
			name = "first-appTests";
			productName = "first-appTests";
			productReference = 841C8B7A19F153F3004298E2 /* first-appTests.xctest */;
			productType = "com.apple.product-type.bundle.unit-test";
		};
/* End PBXNativeTarget section */

/* Begin PBXProject section */
		841C8B5619F153F3004298E2 /* Project object */ = {
			isa = PBXProject;
			attributes = {
				LastUpgradeCheck = 0600;
				ORGANIZATIONNAME = JR;
				TargetAttributes = {
					841C8B5D19F153F3004298E2 = {
						CreatedOnToolsVersion = 6.0.1;
					};
					841C8B7919F153F3004298E2 = {
						CreatedOnToolsVersion = 6.0.1;
						TestTargetID = 841C8B5D19F153F3004298E2;
					};
				};
			};
			buildConfigurationList = 841C8B5919F153F3004298E2 /* Build configuration list for PBXProject "first-app" */;
			compatibilityVersion = "Xcode 3.2";
			developmentRegion = English;
			hasScannedForEncodings = 0;
			knownRegions = (
				en,
				Base,
			);
			mainGroup = 841C8B5519F153F3004298E2;
			productRefGroup = 841C8B5F19F153F3004298E2 /* Products */;
			projectDirPath = "";
			projectRoot = "";
			targets = (
				841C8B5D19F153F3004298E2 /* first-app */,
				841C8B7919F153F3004298E2 /* first-appTests */,
			);
		};
/* End PBXProject section */

/* Begin PBXResourcesBuildPhase section */
		841C8B5C19F153F3004298E2 /* Resources */ = {
			isa = PBXResourcesBuildPhase;
			buildActionMask = 2147483647;
			files = (
				841C8B7019F153F3004298E2 /* Main.storyboard in Resources */,
				841C8B7519F153F3004298E2 /* LaunchScreen.xib in Resources */,
				841C8B7219F153F3004298E2 /* Images.xcassets in Resources */,
			);
			runOnlyForDeploymentPostprocessing = 0;
		};
		841C8B7819F153F3004298E2 /* Resources */ = {
			isa = PBXResourcesBuildPhase;
			buildActionMask = 2147483647;
			files = (
			);
			runOnlyForDeploymentPostprocessing = 0;
		};
/* End PBXResourcesBuildPhase section */

/* Begin PBXSourcesBuildPhase section */
		841C8B5A19F153F3004298E2 /* Sources */ = {
			isa = PBXSourcesBuildPhase;
			buildActionMask = 2147483647;
			files = (
				841C8B6A19F153F3004298E2 /* first_app.xcdatamodeld in Sources */,
				841C8B6719F153F3004298E2 /* AppDelegate.m in Sources */,
				841C8B6D19F153F3004298E2 /* ViewController.m in Sources */,
				841C8B6419F153F3004298E2 /* main.m in Sources */,
			);
			runOnlyForDeploymentPostprocessing = 0;
		};
		841C8B7619F153F3004298E2 /* Sources */ = {
			isa = PBXSourcesBuildPhase;
			buildActionMask = 2147483647;
			files = (
				841C8B8119F153F3004298E2 /* first_appTests.m in Sources */,
			);
			runOnlyForDeploymentPostprocessing = 0;
		};
/* End PBXSourcesBuildPhase section */

/* Begin PBXTargetDependency section */
		841C8B7C19F153F3004298E2 /* PBXTargetDependency */ = {
			isa = PBXTargetDependency;
			target = 841C8B5D19F153F3004298E2 /* first-app */;
			targetProxy = 841C8B7B19F153F3004298E2 /* PBXContainerItemProxy */;
		};
/* End PBXTargetDependency section */

/* Begin PBXVariantGroup section */
		841C8B6E19F153F3004298E2 /* Main.storyboard */ = {
			isa = PBXVariantGroup;
			children = (
				841C8B6F19F153F3004298E2 /* Base */,
			);
			name = Main.storyboard;
			sourceTree = "<group>";
		};
		841C8B7319F153F3004298E2 /* LaunchScreen.xib */ = {
			isa = PBXVariantGroup;
			children = (
				841C8B7419F153F3004298E2 /* Base */,
			);
			name = LaunchScreen.xib;
			sourceTree = "<group>";
		};
/* End PBXVariantGroup section */

/* Begin XCBuildConfiguration section */
		841C8B8219F153F3004298E2 /* Debug */ = {
			isa = XCBuildConfiguration;
			buildSettings = {
				ALWAYS_SEARCH_USER_PATHS = NO;
				CLANG_CXX_LANGUAGE_STANDARD = "gnu++0x";
				CLANG_CXX_LIBRARY = "libc++";
				CLANG_ENABLE_MODULES = YES;
				CLANG_ENABLE_OBJC_ARC = YES;
				CLANG_WARN_BOOL_CONVERSION = YES;
				CLANG_WARN_CONSTANT_CONVERSION = YES;
				CLANG_WARN_DIRECT_OBJC_ISA_USAGE = YES_ERROR;
				CLANG_WARN_EMPTY_BODY = YES;
				CLANG_WARN_ENUM_CONVERSION = YES;
				CLANG_WARN_INT_CONVERSION = YES;
				CLANG_WARN_OBJC_ROOT_CLASS = YES_ERROR;
				CLANG_WARN_UNREACHABLE_CODE = YES;
				CLANG_WARN__DUPLICATE_METHOD_MATCH = YES;
				"CODE_SIGN_IDENTITY[sdk=iphoneos*]" = "iPhone Developer";
				COPY_PHASE_STRIP = NO;
				ENABLE_STRICT_OBJC_MSGSEND = YES;
				GCC_C_LANGUAGE_STANDARD = gnu99;
				GCC_DYNAMIC_NO_PIC = NO;
				GCC_OPTIMIZATION_LEVEL = 0;
				GCC_PREPROCESSOR_DEFINITIONS = (
					"DEBUG=1",
					"$(inherited)",
				);
				GCC_SYMBOLS_PRIVATE_EXTERN = NO;
				GCC_WARN_64_TO_32_BIT_CONVERSION = YES;
				GCC_WARN_ABOUT_RETURN_TYPE = YES_ERROR;
				GCC_WARN_UNDECLARED_SELECTOR = YES;
				GCC_WARN_UNINITIALIZED_AUTOS = YES_AGGRESSIVE;
				GCC_WARN_UNUSED_FUNCTION = YES;
				GCC_WARN_UNUSED_VARIABLE = YES;
				IPHONEOS_DEPLOYMENT_TARGET = 8.0;
				MTL_ENABLE_DEBUG_INFO = YES;
				ONLY_ACTIVE_ARCH = YES;
				SDKROOT = iphoneos;
				TARGETED_DEVICE_FAMILY = "1,2";
			};
			name = Debug;
		};
		841C8B8319F153F3004298E2 /* Release */ = {
			isa = XCBuildConfiguration;
			buildSettings = {
				ALWAYS_SEARCH_USER_PATHS = NO;
				CLANG_CXX_LANGUAGE_STANDARD = "gnu++0x";
				CLANG_CXX_LIBRARY = "libc++";
				CLANG_ENABLE_MODULES = YES;
				CLANG_ENABLE_OBJC_ARC = YES;
				CLANG_WARN_BOOL_CONVERSION = YES;
				CLANG_WARN_CONSTANT_CONVERSION = YES;
				CLANG_WARN_DIRECT_OBJC_ISA_USAGE = YES_ERROR;
				CLANG_WARN_EMPTY_BODY = YES;
				CLANG_WARN_ENUM_CONVERSION = YES;
				CLANG_WARN_INT_CONVERSION = YES;
				CLANG_WARN_OBJC_ROOT_CLASS = YES_ERROR;
				CLANG_WARN_UNREACHABLE_CODE = YES;
				CLANG_WARN__DUPLICATE_METHOD_MATCH = YES;
				"CODE_SIGN_IDENTITY[sdk=iphoneos*]" = "iPhone Developer";
				COPY_PHASE_STRIP = YES;
				ENABLE_NS_ASSERTIONS = NO;
				ENABLE_STRICT_OBJC_MSGSEND = YES;
				GCC_C_LANGUAGE_STANDARD = gnu99;
				GCC_WARN_64_TO_32_BIT_CONVERSION = YES;
				GCC_WARN_ABOUT_RETURN_TYPE = YES_ERROR;
				GCC_WARN_UNDECLARED_SELECTOR = YES;
				GCC_WARN_UNINITIALIZED_AUTOS = YES_AGGRESSIVE;
				GCC_WARN_UNUSED_FUNCTION = YES;
				GCC_WARN_UNUSED_VARIABLE = YES;
				IPHONEOS_DEPLOYMENT_TARGET = 8.0;
				MTL_ENABLE_DEBUG_INFO = NO;
				SDKROOT = iphoneos;
				TARGETED_DEVICE_FAMILY = "1,2";
				VALIDATE_PRODUCT = YES;
			};
			name = Release;
		};
		841C8B8519F153F3004298E2 /* Debug */ = {
			isa = XCBuildConfiguration;
			buildSettings = {
				ASSETCATALOG_COMPILER_APPICON_NAME = AppIcon;
				INFOPLIST_FILE = "first-app/Info.plist";
				LD_RUNPATH_SEARCH_PATHS = "$(inherited) @executable_path/Frameworks";
				PRODUCT_NAME = "$(TARGET_NAME)";
			};
			name = Debug;
		};
		841C8B8619F153F3004298E2 /* Release */ = {
			isa = XCBuildConfiguration;
			buildSettings = {
				ASSETCATALOG_COMPILER_APPICON_NAME = AppIcon;
				INFOPLIST_FILE = "first-app/Info.plist";
				LD_RUNPATH_SEARCH_PATHS = "$(inherited) @executable_path/Frameworks";
				PRODUCT_NAME = "$(TARGET_NAME)";
			};
			name = Release;
		};
		841C8B8819F153F3004298E2 /* Debug */ = {
			isa = XCBuildConfiguration;
			buildSettings = {
				BUNDLE_LOADER = "$(TEST_HOST)";
				FRAMEWORK_SEARCH_PATHS = (
					"$(SDKROOT)/Developer/Library/Frameworks",
					"$(inherited)",
				);
				GCC_PREPROCESSOR_DEFINITIONS = (
					"DEBUG=1",
					"$(inherited)",
				);
				INFOPLIST_FILE = "first-appTests/Info.plist";
				LD_RUNPATH_SEARCH_PATHS = "$(inherited) @executable_path/Frameworks @loader_path/Frameworks";
				PRODUCT_NAME = "$(TARGET_NAME)";
				TEST_HOST = "$(BUILT_PRODUCTS_DIR)/first-app.app/first-app";
			};
			name = Debug;
		};
		841C8B8919F153F3004298E2 /* Release */ = {
			isa = XCBuildConfiguration;
			buildSettings = {
				BUNDLE_LOADER = "$(TEST_HOST)";
				FRAMEWORK_SEARCH_PATHS = (
					"$(SDKROOT)/Developer/Library/Frameworks",
					"$(inherited)",
				);
				INFOPLIST_FILE = "first-appTests/Info.plist";
				LD_RUNPATH_SEARCH_PATHS = "$(inherited) @executable_path/Frameworks @loader_path/Frameworks";
				PRODUCT_NAME = "$(TARGET_NAME)";
				TEST_HOST = "$(BUILT_PRODUCTS_DIR)/first-app.app/first-app";
			};
			name = Release;
		};
/* End XCBuildConfiguration section */

/* Begin XCConfigurationList section */
		841C8B5919F153F3004298E2 /* Build configuration list for PBXProject "first-app" */ = {
			isa = XCConfigurationList;
			buildConfigurations = (
				841C8B8219F153F3004298E2 /* Debug */,
				841C8B8319F153F3004298E2 /* Release */,
			);
			defaultConfigurationIsVisible = 0;
			defaultConfigurationName = Release;
		};
		841C8B8419F153F3004298E2 /* Build configuration list for PBXNativeTarget "first-app" */ = {
			isa = XCConfigurationList;
			buildConfigurations = (
				841C8B8519F153F3004298E2 /* Debug */,
				841C8B8619F153F3004298E2 /* Release */,
			);
			defaultConfigurationIsVisible = 0;
		};
		841C8B8719F153F3004298E2 /* Build configuration list for PBXNativeTarget "first-appTests" */ = {
			isa = XCConfigurationList;
			buildConfigurations = (
				841C8B8819F153F3004298E2 /* Debug */,
				841C8B8919F153F3004298E2 /* Release */,
			);
			defaultConfigurationIsVisible = 0;
		};
/* End XCConfigurationList section */

/* Begin XCVersionGroup section */
		841C8B6819F153F3004298E2 /* first_app.xcdatamodeld */ = {
			isa = XCVersionGroup;
			children = (
				841C8B6919F153F3004298E2 /* first_app.xcdatamodel */,
			);
			currentVersion = 841C8B6919F153F3004298E2 /* first_app.xcdatamodel */;
			path = first_app.xcdatamodeld;
			sourceTree = "<group>";
			versionGroupType = wrapper.xcdatamodel;
		};
/* End XCVersionGroup section */
	};
	rootObject = 841C8B5619F153F3004298E2 /* Project object */;
}
