// !$*UTF8*$!
{
	archiveVersion = 1;
	classes = {
	};
	objectVersion = 46;
	objects = {

/* Begin PBXBuildFile section */
		841690781A07C37400C74CFF /* ShowPasswordViewController.m in Sources */ = {isa = PBXBuildFile; fileRef = 841690771A07C37400C74CFF /* ShowPasswordViewController.m */; };
		8445F7861A06D8BD00228397 /* main.m in Sources */ = {isa = PBXBuildFile; fileRef = 8445F7851A06D8BD00228397 /* main.m */; };
		8445F7891A06D8BD00228397 /* AppDelegate.m in Sources */ = {isa = PBXBuildFile; fileRef = 8445F7881A06D8BD00228397 /* AppDelegate.m */; };
		8445F78F1A06D8BD00228397 /* Main.storyboard in Resources */ = {isa = PBXBuildFile; fileRef = 8445F78D1A06D8BD00228397 /* Main.storyboard */; };
		8445F7911A06D8BD00228397 /* Images.xcassets in Resources */ = {isa = PBXBuildFile; fileRef = 8445F7901A06D8BD00228397 /* Images.xcassets */; };
		8445F7941A06D8BD00228397 /* LaunchScreen.xib in Resources */ = {isa = PBXBuildFile; fileRef = 8445F7921A06D8BD00228397 /* LaunchScreen.xib */; };
		8445F7A01A06D8BE00228397 /* PassKeeperTests.m in Sources */ = {isa = PBXBuildFile; fileRef = 8445F79F1A06D8BE00228397 /* PassKeeperTests.m */; };
		8445F7AB1A06D98D00228397 /* AddPasswordViewController.m in Sources */ = {isa = PBXBuildFile; fileRef = 8445F7AA1A06D98D00228397 /* AddPasswordViewController.m */; };
		8445F7AE1A06D9C800228397 /* MainViewController.m in Sources */ = {isa = PBXBuildFile; fileRef = 8445F7AD1A06D9C800228397 /* MainViewController.m */; };
		8445F7B11A06E21900228397 /* Password.m in Sources */ = {isa = PBXBuildFile; fileRef = 8445F7B01A06E21900228397 /* Password.m */; };
/* End PBXBuildFile section */

/* Begin PBXContainerItemProxy section */
		8445F79A1A06D8BE00228397 /* PBXContainerItemProxy */ = {
			isa = PBXContainerItemProxy;
			containerPortal = 8445F7781A06D8BD00228397 /* Project object */;
			proxyType = 1;
			remoteGlobalIDString = 8445F77F1A06D8BD00228397;
			remoteInfo = PassKeeper;
		};
/* End PBXContainerItemProxy section */

/* Begin PBXFileReference section */
		841690761A07C37400C74CFF /* ShowPasswordViewController.h */ = {isa = PBXFileReference; fileEncoding = 4; lastKnownFileType = sourcecode.c.h; path = ShowPasswordViewController.h; sourceTree = "<group>"; };
		841690771A07C37400C74CFF /* ShowPasswordViewController.m */ = {isa = PBXFileReference; fileEncoding = 4; lastKnownFileType = sourcecode.c.objc; path = ShowPasswordViewController.m; sourceTree = "<group>"; };
		8445F7801A06D8BD00228397 /* PassKeeper.app */ = {isa = PBXFileReference; explicitFileType = wrapper.application; includeInIndex = 0; path = PassKeeper.app; sourceTree = BUILT_PRODUCTS_DIR; };
		8445F7841A06D8BD00228397 /* Info.plist */ = {isa = PBXFileReference; lastKnownFileType = text.plist.xml; path = Info.plist; sourceTree = "<group>"; };
		8445F7851A06D8BD00228397 /* main.m */ = {isa = PBXFileReference; lastKnownFileType = sourcecode.c.objc; path = main.m; sourceTree = "<group>"; };
		8445F7871A06D8BD00228397 /* AppDelegate.h */ = {isa = PBXFileReference; lastKnownFileType = sourcecode.c.h; path = AppDelegate.h; sourceTree = "<group>"; };
		8445F7881A06D8BD00228397 /* AppDelegate.m */ = {isa = PBXFileReference; lastKnownFileType = sourcecode.c.objc; path = AppDelegate.m; sourceTree = "<group>"; };
		8445F78E1A06D8BD00228397 /* Base */ = {isa = PBXFileReference; lastKnownFileType = file.storyboard; name = Base; path = Base.lproj/Main.storyboard; sourceTree = "<group>"; };
		8445F7901A06D8BD00228397 /* Images.xcassets */ = {isa = PBXFileReference; lastKnownFileType = folder.assetcatalog; path = Images.xcassets; sourceTree = "<group>"; };
		8445F7931A06D8BD00228397 /* Base */ = {isa = PBXFileReference; lastKnownFileType = file.xib; name = Base; path = Base.lproj/LaunchScreen.xib; sourceTree = "<group>"; };
		8445F7991A06D8BE00228397 /* PassKeeperTests.xctest */ = {isa = PBXFileReference; explicitFileType = wrapper.cfbundle; includeInIndex = 0; path = PassKeeperTests.xctest; sourceTree = BUILT_PRODUCTS_DIR; };
		8445F79E1A06D8BE00228397 /* Info.plist */ = {isa = PBXFileReference; lastKnownFileType = text.plist.xml; path = Info.plist; sourceTree = "<group>"; };
		8445F79F1A06D8BE00228397 /* PassKeeperTests.m */ = {isa = PBXFileReference; lastKnownFileType = sourcecode.c.objc; path = PassKeeperTests.m; sourceTree = "<group>"; };
		8445F7A91A06D98D00228397 /* AddPasswordViewController.h */ = {isa = PBXFileReference; fileEncoding = 4; lastKnownFileType = sourcecode.c.h; path = AddPasswordViewController.h; sourceTree = "<group>"; };
		8445F7AA1A06D98D00228397 /* AddPasswordViewController.m */ = {isa = PBXFileReference; fileEncoding = 4; lastKnownFileType = sourcecode.c.objc; path = AddPasswordViewController.m; sourceTree = "<group>"; };
		8445F7AC1A06D9C800228397 /* MainViewController.h */ = {isa = PBXFileReference; fileEncoding = 4; lastKnownFileType = sourcecode.c.h; path = MainViewController.h; sourceTree = "<group>"; };
		8445F7AD1A06D9C800228397 /* MainViewController.m */ = {isa = PBXFileReference; fileEncoding = 4; lastKnownFileType = sourcecode.c.objc; path = MainViewController.m; sourceTree = "<group>"; };
		8445F7AF1A06E21900228397 /* Password.h */ = {isa = PBXFileReference; fileEncoding = 4; lastKnownFileType = sourcecode.c.h; path = Password.h; sourceTree = "<group>"; };
		8445F7B01A06E21900228397 /* Password.m */ = {isa = PBXFileReference; fileEncoding = 4; lastKnownFileType = sourcecode.c.objc; path = Password.m; sourceTree = "<group>"; };
/* End PBXFileReference section */

/* Begin PBXFrameworksBuildPhase section */
		8445F77D1A06D8BD00228397 /* Frameworks */ = {
			isa = PBXFrameworksBuildPhase;
			buildActionMask = 2147483647;
			files = (
			);
			runOnlyForDeploymentPostprocessing = 0;
		};
		8445F7961A06D8BD00228397 /* Frameworks */ = {
			isa = PBXFrameworksBuildPhase;
			buildActionMask = 2147483647;
			files = (
			);
			runOnlyForDeploymentPostprocessing = 0;
		};
/* End PBXFrameworksBuildPhase section */

/* Begin PBXGroup section */
		8445F7771A06D8BD00228397 = {
			isa = PBXGroup;
			children = (
				8445F7821A06D8BD00228397 /* PassKeeper */,
				8445F79C1A06D8BE00228397 /* PassKeeperTests */,
				8445F7811A06D8BD00228397 /* Products */,
			);
			sourceTree = "<group>";
		};
		8445F7811A06D8BD00228397 /* Products */ = {
			isa = PBXGroup;
			children = (
				8445F7801A06D8BD00228397 /* PassKeeper.app */,
				8445F7991A06D8BE00228397 /* PassKeeperTests.xctest */,
			);
			name = Products;
			sourceTree = "<group>";
		};
		8445F7821A06D8BD00228397 /* PassKeeper */ = {
			isa = PBXGroup;
			children = (
				8445F7AC1A06D9C800228397 /* MainViewController.h */,
				8445F7AD1A06D9C800228397 /* MainViewController.m */,
				8445F7A91A06D98D00228397 /* AddPasswordViewController.h */,
				8445F7AA1A06D98D00228397 /* AddPasswordViewController.m */,
				841690761A07C37400C74CFF /* ShowPasswordViewController.h */,
				841690771A07C37400C74CFF /* ShowPasswordViewController.m */,
				8445F7B21A06E2CA00228397 /* Model */,
				8445F78D1A06D8BD00228397 /* Main.storyboard */,
				8445F7901A06D8BD00228397 /* Images.xcassets */,
				8445F7921A06D8BD00228397 /* LaunchScreen.xib */,
				8445F7831A06D8BD00228397 /* Supporting Files */,
			);
			path = PassKeeper;
			sourceTree = "<group>";
		};
		8445F7831A06D8BD00228397 /* Supporting Files */ = {
			isa = PBXGroup;
			children = (
				8445F7871A06D8BD00228397 /* AppDelegate.h */,
				8445F7881A06D8BD00228397 /* AppDelegate.m */,
				8445F7841A06D8BD00228397 /* Info.plist */,
				8445F7851A06D8BD00228397 /* main.m */,
			);
			name = "Supporting Files";
			sourceTree = "<group>";
		};
		8445F79C1A06D8BE00228397 /* PassKeeperTests */ = {
			isa = PBXGroup;
			children = (
				8445F79F1A06D8BE00228397 /* PassKeeperTests.m */,
				8445F79D1A06D8BE00228397 /* Supporting Files */,
			);
			path = PassKeeperTests;
			sourceTree = "<group>";
		};
		8445F79D1A06D8BE00228397 /* Supporting Files */ = {
			isa = PBXGroup;
			children = (
				8445F79E1A06D8BE00228397 /* Info.plist */,
			);
			name = "Supporting Files";
			sourceTree = "<group>";
		};
		8445F7B21A06E2CA00228397 /* Model */ = {
			isa = PBXGroup;
			children = (
				8445F7AF1A06E21900228397 /* Password.h */,
				8445F7B01A06E21900228397 /* Password.m */,
			);
			name = Model;
			sourceTree = "<group>";
		};
/* End PBXGroup section */

/* Begin PBXNativeTarget section */
		8445F77F1A06D8BD00228397 /* PassKeeper */ = {
			isa = PBXNativeTarget;
			buildConfigurationList = 8445F7A31A06D8BE00228397 /* Build configuration list for PBXNativeTarget "PassKeeper" */;
			buildPhases = (
				8445F77C1A06D8BD00228397 /* Sources */,
				8445F77D1A06D8BD00228397 /* Frameworks */,
				8445F77E1A06D8BD00228397 /* Resources */,
			);
			buildRules = (
			);
			dependencies = (
			);
			name = PassKeeper;
			productName = PassKeeper;
			productReference = 8445F7801A06D8BD00228397 /* PassKeeper.app */;
			productType = "com.apple.product-type.application";
		};
		8445F7981A06D8BD00228397 /* PassKeeperTests */ = {
			isa = PBXNativeTarget;
			buildConfigurationList = 8445F7A61A06D8BE00228397 /* Build configuration list for PBXNativeTarget "PassKeeperTests" */;
			buildPhases = (
				8445F7951A06D8BD00228397 /* Sources */,
				8445F7961A06D8BD00228397 /* Frameworks */,
				8445F7971A06D8BD00228397 /* Resources */,
			);
			buildRules = (
			);
			dependencies = (
				8445F79B1A06D8BE00228397 /* PBXTargetDependency */,
			);
			name = PassKeeperTests;
			productName = PassKeeperTests;
			productReference = 8445F7991A06D8BE00228397 /* PassKeeperTests.xctest */;
			productType = "com.apple.product-type.bundle.unit-test";
		};
/* End PBXNativeTarget section */

/* Begin PBXProject section */
		8445F7781A06D8BD00228397 /* Project object */ = {
			isa = PBXProject;
			attributes = {
				LastUpgradeCheck = 0610;
				ORGANIZATIONNAME = JR;
				TargetAttributes = {
					8445F77F1A06D8BD00228397 = {
						CreatedOnToolsVersion = 6.1;
					};
					8445F7981A06D8BD00228397 = {
						CreatedOnToolsVersion = 6.1;
						TestTargetID = 8445F77F1A06D8BD00228397;
					};
				};
			};
			buildConfigurationList = 8445F77B1A06D8BD00228397 /* Build configuration list for PBXProject "PassKeeper" */;
			compatibilityVersion = "Xcode 3.2";
			developmentRegion = English;
			hasScannedForEncodings = 0;
			knownRegions = (
				en,
				Base,
			);
			mainGroup = 8445F7771A06D8BD00228397;
			productRefGroup = 8445F7811A06D8BD00228397 /* Products */;
			projectDirPath = "";
			projectRoot = "";
			targets = (
				8445F77F1A06D8BD00228397 /* PassKeeper */,
				8445F7981A06D8BD00228397 /* PassKeeperTests */,
			);
		};
/* End PBXProject section */

/* Begin PBXResourcesBuildPhase section */
		8445F77E1A06D8BD00228397 /* Resources */ = {
			isa = PBXResourcesBuildPhase;
			buildActionMask = 2147483647;
			files = (
				8445F78F1A06D8BD00228397 /* Main.storyboard in Resources */,
				8445F7941A06D8BD00228397 /* LaunchScreen.xib in Resources */,
				8445F7911A06D8BD00228397 /* Images.xcassets in Resources */,
			);
			runOnlyForDeploymentPostprocessing = 0;
		};
		8445F7971A06D8BD00228397 /* Resources */ = {
			isa = PBXResourcesBuildPhase;
			buildActionMask = 2147483647;
			files = (
			);
			runOnlyForDeploymentPostprocessing = 0;
		};
/* End PBXResourcesBuildPhase section */

/* Begin PBXSourcesBuildPhase section */
		8445F77C1A06D8BD00228397 /* Sources */ = {
			isa = PBXSourcesBuildPhase;
			buildActionMask = 2147483647;
			files = (
				8445F7AB1A06D98D00228397 /* AddPasswordViewController.m in Sources */,
				8445F7891A06D8BD00228397 /* AppDelegate.m in Sources */,
				841690781A07C37400C74CFF /* ShowPasswordViewController.m in Sources */,
				8445F7861A06D8BD00228397 /* main.m in Sources */,
				8445F7B11A06E21900228397 /* Password.m in Sources */,
				8445F7AE1A06D9C800228397 /* MainViewController.m in Sources */,
			);
			runOnlyForDeploymentPostprocessing = 0;
		};
		8445F7951A06D8BD00228397 /* Sources */ = {
			isa = PBXSourcesBuildPhase;
			buildActionMask = 2147483647;
			files = (
				8445F7A01A06D8BE00228397 /* PassKeeperTests.m in Sources */,
			);
			runOnlyForDeploymentPostprocessing = 0;
		};
/* End PBXSourcesBuildPhase section */

/* Begin PBXTargetDependency section */
		8445F79B1A06D8BE00228397 /* PBXTargetDependency */ = {
			isa = PBXTargetDependency;
			target = 8445F77F1A06D8BD00228397 /* PassKeeper */;
			targetProxy = 8445F79A1A06D8BE00228397 /* PBXContainerItemProxy */;
		};
/* End PBXTargetDependency section */

/* Begin PBXVariantGroup section */
		8445F78D1A06D8BD00228397 /* Main.storyboard */ = {
			isa = PBXVariantGroup;
			children = (
				8445F78E1A06D8BD00228397 /* Base */,
			);
			name = Main.storyboard;
			sourceTree = "<group>";
		};
		8445F7921A06D8BD00228397 /* LaunchScreen.xib */ = {
			isa = PBXVariantGroup;
			children = (
				8445F7931A06D8BD00228397 /* Base */,
			);
			name = LaunchScreen.xib;
			sourceTree = "<group>";
		};
/* End PBXVariantGroup section */

/* Begin XCBuildConfiguration section */
		8445F7A11A06D8BE00228397 /* Debug */ = {
			isa = XCBuildConfiguration;
			buildSettings = {
				ALWAYS_SEARCH_USER_PATHS = NO;
				CLANG_CXX_LANGUAGE_STANDARD = "gnu++0x";
				CLANG_CXX_LIBRARY = "libc++";
				CLANG_ENABLE_MODULES = YES;
				CLANG_ENABLE_OBJC_ARC = YES;
				CLANG_WARN_BOOL_CONVERSION = YES;
				CLANG_WARN_CONSTANT_CONVERSION = YES;
				CLANG_WARN_DIRECT_OBJC_ISA_USAGE = YES_ERROR;
				CLANG_WARN_EMPTY_BODY = YES;
				CLANG_WARN_ENUM_CONVERSION = YES;
				CLANG_WARN_INT_CONVERSION = YES;
				CLANG_WARN_OBJC_ROOT_CLASS = YES_ERROR;
				CLANG_WARN_UNREACHABLE_CODE = YES;
				CLANG_WARN__DUPLICATE_METHOD_MATCH = YES;
				"CODE_SIGN_IDENTITY[sdk=iphoneos*]" = "iPhone Developer";
				COPY_PHASE_STRIP = NO;
				ENABLE_STRICT_OBJC_MSGSEND = YES;
				GCC_C_LANGUAGE_STANDARD = gnu99;
				GCC_DYNAMIC_NO_PIC = NO;
				GCC_OPTIMIZATION_LEVEL = 0;
				GCC_PREPROCESSOR_DEFINITIONS = (
					"DEBUG=1",
					"$(inherited)",
				);
				GCC_SYMBOLS_PRIVATE_EXTERN = NO;
				GCC_WARN_64_TO_32_BIT_CONVERSION = YES;
				GCC_WARN_ABOUT_RETURN_TYPE = YES_ERROR;
				GCC_WARN_UNDECLARED_SELECTOR = YES;
				GCC_WARN_UNINITIALIZED_AUTOS = YES_AGGRESSIVE;
				GCC_WARN_UNUSED_FUNCTION = YES;
				GCC_WARN_UNUSED_VARIABLE = YES;
				IPHONEOS_DEPLOYMENT_TARGET = 8.1;
				MTL_ENABLE_DEBUG_INFO = YES;
				ONLY_ACTIVE_ARCH = YES;
				SDKROOT = iphoneos;
			};
			name = Debug;
		};
		8445F7A21A06D8BE00228397 /* Release */ = {
			isa = XCBuildConfiguration;
			buildSettings = {
				ALWAYS_SEARCH_USER_PATHS = NO;
				CLANG_CXX_LANGUAGE_STANDARD = "gnu++0x";
				CLANG_CXX_LIBRARY = "libc++";
				CLANG_ENABLE_MODULES = YES;
				CLANG_ENABLE_OBJC_ARC = YES;
				CLANG_WARN_BOOL_CONVERSION = YES;
				CLANG_WARN_CONSTANT_CONVERSION = YES;
				CLANG_WARN_DIRECT_OBJC_ISA_USAGE = YES_ERROR;
				CLANG_WARN_EMPTY_BODY = YES;
				CLANG_WARN_ENUM_CONVERSION = YES;
				CLANG_WARN_INT_CONVERSION = YES;
				CLANG_WARN_OBJC_ROOT_CLASS = YES_ERROR;
				CLANG_WARN_UNREACHABLE_CODE = YES;
				CLANG_WARN__DUPLICATE_METHOD_MATCH = YES;
				"CODE_SIGN_IDENTITY[sdk=iphoneos*]" = "iPhone Developer";
				COPY_PHASE_STRIP = YES;
				ENABLE_NS_ASSERTIONS = NO;
				ENABLE_STRICT_OBJC_MSGSEND = YES;
				GCC_C_LANGUAGE_STANDARD = gnu99;
				GCC_WARN_64_TO_32_BIT_CONVERSION = YES;
				GCC_WARN_ABOUT_RETURN_TYPE = YES_ERROR;
				GCC_WARN_UNDECLARED_SELECTOR = YES;
				GCC_WARN_UNINITIALIZED_AUTOS = YES_AGGRESSIVE;
				GCC_WARN_UNUSED_FUNCTION = YES;
				GCC_WARN_UNUSED_VARIABLE = YES;
				IPHONEOS_DEPLOYMENT_TARGET = 8.1;
				MTL_ENABLE_DEBUG_INFO = NO;
				SDKROOT = iphoneos;
				VALIDATE_PRODUCT = YES;
			};
			name = Release;
		};
		8445F7A41A06D8BE00228397 /* Debug */ = {
			isa = XCBuildConfiguration;
			buildSettings = {
				ASSETCATALOG_COMPILER_APPICON_NAME = AppIcon;
				INFOPLIST_FILE = PassKeeper/Info.plist;
				LD_RUNPATH_SEARCH_PATHS = "$(inherited) @executable_path/Frameworks";
				PRODUCT_NAME = "$(TARGET_NAME)";
			};
			name = Debug;
		};
		8445F7A51A06D8BE00228397 /* Release */ = {
			isa = XCBuildConfiguration;
			buildSettings = {
				ASSETCATALOG_COMPILER_APPICON_NAME = AppIcon;
				INFOPLIST_FILE = PassKeeper/Info.plist;
				LD_RUNPATH_SEARCH_PATHS = "$(inherited) @executable_path/Frameworks";
				PRODUCT_NAME = "$(TARGET_NAME)";
			};
			name = Release;
		};
		8445F7A71A06D8BE00228397 /* Debug */ = {
			isa = XCBuildConfiguration;
			buildSettings = {
				BUNDLE_LOADER = "$(TEST_HOST)";
				FRAMEWORK_SEARCH_PATHS = (
					"$(SDKROOT)/Developer/Library/Frameworks",
					"$(inherited)",
				);
				GCC_PREPROCESSOR_DEFINITIONS = (
					"DEBUG=1",
					"$(inherited)",
				);
				INFOPLIST_FILE = PassKeeperTests/Info.plist;
				LD_RUNPATH_SEARCH_PATHS = "$(inherited) @executable_path/Frameworks @loader_path/Frameworks";
				PRODUCT_NAME = "$(TARGET_NAME)";
				TEST_HOST = "$(BUILT_PRODUCTS_DIR)/PassKeeper.app/PassKeeper";
			};
			name = Debug;
		};
		8445F7A81A06D8BE00228397 /* Release */ = {
			isa = XCBuildConfiguration;
			buildSettings = {
				BUNDLE_LOADER = "$(TEST_HOST)";
				FRAMEWORK_SEARCH_PATHS = (
					"$(SDKROOT)/Developer/Library/Frameworks",
					"$(inherited)",
				);
				INFOPLIST_FILE = PassKeeperTests/Info.plist;
				LD_RUNPATH_SEARCH_PATHS = "$(inherited) @executable_path/Frameworks @loader_path/Frameworks";
				PRODUCT_NAME = "$(TARGET_NAME)";
				TEST_HOST = "$(BUILT_PRODUCTS_DIR)/PassKeeper.app/PassKeeper";
			};
			name = Release;
		};
/* End XCBuildConfiguration section */

/* Begin XCConfigurationList section */
		8445F77B1A06D8BD00228397 /* Build configuration list for PBXProject "PassKeeper" */ = {
			isa = XCConfigurationList;
			buildConfigurations = (
				8445F7A11A06D8BE00228397 /* Debug */,
				8445F7A21A06D8BE00228397 /* Release */,
			);
			defaultConfigurationIsVisible = 0;
			defaultConfigurationName = Release;
		};
		8445F7A31A06D8BE00228397 /* Build configuration list for PBXNativeTarget "PassKeeper" */ = {
			isa = XCConfigurationList;
			buildConfigurations = (
				8445F7A41A06D8BE00228397 /* Debug */,
				8445F7A51A06D8BE00228397 /* Release */,
			);
			defaultConfigurationIsVisible = 0;
			defaultConfigurationName = Release;
		};
		8445F7A61A06D8BE00228397 /* Build configuration list for PBXNativeTarget "PassKeeperTests" */ = {
			isa = XCConfigurationList;
			buildConfigurations = (
				8445F7A71A06D8BE00228397 /* Debug */,
				8445F7A81A06D8BE00228397 /* Release */,
			);
			defaultConfigurationIsVisible = 0;
			defaultConfigurationName = Release;
		};
/* End XCConfigurationList section */
	};
	rootObject = 8445F7781A06D8BD00228397 /* Project object */;
}
